# THIS IS AN AUTOGENERATED FILE. DO NOT EDIT THIS FILE DIRECTLY.
# yarn lockfile v1


fsevents@~2.3.2:
  version "2.3.2"
  resolved "https://registry.yarnpkg.com/fsevents/-/fsevents-2.3.2.tgz#8a526f78b8fdf4623b709e0b975c52c24c02fd1a"
  integrity sha512-xiqMQR4xAeHTuB9uWm+fFRcIOgKBMiOBP+eXiyT7jsgVCq1bkVygt00oASowB7EdtpOHaaPgKt812P9ab+DDKA==

rollup@^2.75.3:
  version "2.75.3"
  resolved "https://registry.yarnpkg.com/rollup/-/rollup-2.75.3.tgz#11bd3e8ace526911feea8af17f2a286fbfdb4cf8"
  integrity sha512-YA29fLU6MAYSaDxIQYrGGOcbXlDmG96h0krGGYObroezcQ0KgEPM3+7MtKD/qeuUbFuAJXvKZee5dA1dpwq1PQ==
  optionalDependencies:
    fsevents "~2.3.2"
